// !$*UTF8*$!
{
	archiveVersion = 1;
	classes = {
	};
	objectVersion = 46;
	objects = {

/* Begin PBXBuildFile section */
		5B1558AB1D5EA05200B24F1E /* DataTypes.cpp in Sources */ = {isa = PBXBuildFile; fileRef = 5B1558A01D5EA05200B24F1E /* DataTypes.cpp */; };
		5B1558AC1D5EA05200B24F1E /* LispSM.cpp in Sources */ = {isa = PBXBuildFile; fileRef = 5B1558A31D5EA05200B24F1E /* LispSM.cpp */; };
		5B1558AD1D5EA05200B24F1E /* Main.cpp in Sources */ = {isa = PBXBuildFile; fileRef = 5B1558A41D5EA05200B24F1E /* Main.cpp */; };
		5B1558AE1D5EA05200B24F1E /* MathStuff.cpp in Sources */ = {isa = PBXBuildFile; fileRef = 5B1558A61D5EA05200B24F1E /* MathStuff.cpp */; };
		5B1558AF1D5EA05200B24F1E /* SceneData.cpp in Sources */ = {isa = PBXBuildFile; fileRef = 5B1558A91D5EA05200B24F1E /* SceneData.cpp */; };
		5B30ECB21C41F17B0033152F /* GLUT.framework in Frameworks */ = {isa = PBXBuildFile; fileRef = 5B30ECB11C41F17B0033152F /* GLUT.framework */; };
		5B30ECB41C41F1860033152F /* OpenGL.framework in Frameworks */ = {isa = PBXBuildFile; fileRef = 5B30ECB31C41F1860033152F /* OpenGL.framework */; };
		5B5726111CBA231500F8C34B /* libGLEW.1.12.0.dylib in Frameworks */ = {isa = PBXBuildFile; fileRef = 5B5725FA1CBA139400F8C34B /* libGLEW.1.12.0.dylib */; };
/* End PBXBuildFile section */

/* Begin PBXCopyFilesBuildPhase section */
		5B30ECA51C41EF1C0033152F /* CopyFiles */ = {
			isa = PBXCopyFilesBuildPhase;
			buildActionMask = 2147483647;
			dstPath = /usr/share/man/man1/;
			dstSubfolderSpec = 0;
			files = (
			);
			runOnlyForDeploymentPostprocessing = 1;
		};
/* End PBXCopyFilesBuildPhase section */

/* Begin PBXFileReference section */
		5B1558A01D5EA05200B24F1E /* DataTypes.cpp */ = {isa = PBXFileReference; fileEncoding = 4; lastKnownFileType = sourcecode.cpp.cpp; path = DataTypes.cpp; sourceTree = "<group>"; };
		5B1558A11D5EA05200B24F1E /* DataTypes.h */ = {isa = PBXFileReference; fileEncoding = 4; lastKnownFileType = sourcecode.c.h; path = DataTypes.h; sourceTree = "<group>"; };
		5B1558A21D5EA05200B24F1E /* glInterface.h */ = {isa = PBXFileReference; fileEncoding = 4; lastKnownFileType = sourcecode.c.h; path = glInterface.h; sourceTree = "<group>"; };
		5B1558A31D5EA05200B24F1E /* LispSM.cpp */ = {isa = PBXFileReference; fileEncoding = 4; lastKnownFileType = sourcecode.cpp.cpp; path = LispSM.cpp; sourceTree = "<group>"; };
		5B1558A41D5EA05200B24F1E /* Main.cpp */ = {isa = PBXFileReference; fileEncoding = 4; lastKnownFileType = sourcecode.cpp.cpp; path = Main.cpp; sourceTree = "<group>"; };
		5B1558A51D5EA05200B24F1E /* Main.h */ = {isa = PBXFileReference; fileEncoding = 4; lastKnownFileType = sourcecode.c.h; path = Main.h; sourceTree = "<group>"; };
		5B1558A61D5EA05200B24F1E /* MathStuff.cpp */ = {isa = PBXFileReference; fileEncoding = 4; lastKnownFileType = sourcecode.cpp.cpp; path = MathStuff.cpp; sourceTree = "<group>"; };
		5B1558A71D5EA05200B24F1E /* MathStuff.h */ = {isa = PBXFileReference; fileEncoding = 4; lastKnownFileType = sourcecode.c.h; path = MathStuff.h; sourceTree = "<group>"; };
		5B1558A81D5EA05200B24F1E /* Readme.txt */ = {isa = PBXFileReference; fileEncoding = 4; lastKnownFileType = text; path = Readme.txt; sourceTree = "<group>"; };
		5B1558A91D5EA05200B24F1E /* SceneData.cpp */ = {isa = PBXFileReference; fileEncoding = 4; lastKnownFileType = sourcecode.cpp.cpp; path = SceneData.cpp; sourceTree = "<group>"; };
		5B1558AA1D5EA05200B24F1E /* SceneData.h */ = {isa = PBXFileReference; fileEncoding = 4; lastKnownFileType = sourcecode.c.h; path = SceneData.h; sourceTree = "<group>"; };
		5B30ECA71C41EF1C0033152F /* Glut */ = {isa = PBXFileReference; explicitFileType = "compiled.mach-o.executable"; includeInIndex = 0; path = Glut; sourceTree = BUILT_PRODUCTS_DIR; };
		5B30ECB11C41F17B0033152F /* GLUT.framework */ = {isa = PBXFileReference; lastKnownFileType = wrapper.framework; name = GLUT.framework; path = System/Library/Frameworks/GLUT.framework; sourceTree = SDKROOT; };
		5B30ECB31C41F1860033152F /* OpenGL.framework */ = {isa = PBXFileReference; lastKnownFileType = wrapper.framework; name = OpenGL.framework; path = System/Library/Frameworks/OpenGL.framework; sourceTree = SDKROOT; };
		5B5725FA1CBA139400F8C34B /* libGLEW.1.12.0.dylib */ = {isa = PBXFileReference; lastKnownFileType = "compiled.mach-o.dylib"; name = libGLEW.1.12.0.dylib; path = ../../../../../usr/local/Cellar/glew/1.12.0/lib/libGLEW.1.12.0.dylib; sourceTree = "<group>"; };
/* End PBXFileReference section */

/* Begin PBXFrameworksBuildPhase section */
		5B30ECA41C41EF1C0033152F /* Frameworks */ = {
			isa = PBXFrameworksBuildPhase;
			buildActionMask = 2147483647;
			files = (
				5B5726111CBA231500F8C34B /* libGLEW.1.12.0.dylib in Frameworks */,
				5B30ECB41C41F1860033152F /* OpenGL.framework in Frameworks */,
				5B30ECB21C41F17B0033152F /* GLUT.framework in Frameworks */,
			);
			runOnlyForDeploymentPostprocessing = 0;
		};
/* End PBXFrameworksBuildPhase section */

/* Begin PBXGroup section */
		5B30EC9E1C41EF1C0033152F = {
			isa = PBXGroup;
			children = (
				5B5725FA1CBA139400F8C34B /* libGLEW.1.12.0.dylib */,
				5B30ECB31C41F1860033152F /* OpenGL.framework */,
				5B30ECB11C41F17B0033152F /* GLUT.framework */,
				5B30ECA91C41EF1C0033152F /* Glut */,
				5B30ECA81C41EF1C0033152F /* Products */,
			);
			sourceTree = "<group>";
		};
		5B30ECA81C41EF1C0033152F /* Products */ = {
			isa = PBXGroup;
			children = (
				5B30ECA71C41EF1C0033152F /* Glut */,
			);
			name = Products;
			sourceTree = "<group>";
		};
		5B30ECA91C41EF1C0033152F /* Glut */ = {
			isa = PBXGroup;
			children = (
				5B1558A01D5EA05200B24F1E /* DataTypes.cpp */,
				5B1558A11D5EA05200B24F1E /* DataTypes.h */,
				5B1558A21D5EA05200B24F1E /* glInterface.h */,
				5B1558A31D5EA05200B24F1E /* LispSM.cpp */,
				5B1558A41D5EA05200B24F1E /* Main.cpp */,
				5B1558A51D5EA05200B24F1E /* Main.h */,
				5B1558A61D5EA05200B24F1E /* MathStuff.cpp */,
				5B1558A71D5EA05200B24F1E /* MathStuff.h */,
				5B1558A81D5EA05200B24F1E /* Readme.txt */,
				5B1558A91D5EA05200B24F1E /* SceneData.cpp */,
				5B1558AA1D5EA05200B24F1E /* SceneData.h */,
			);
			path = Glut;
			sourceTree = "<group>";
		};
/* End PBXGroup section */

/* Begin PBXNativeTarget section */
		5B30ECA61C41EF1C0033152F /* Glut */ = {
			isa = PBXNativeTarget;
			buildConfigurationList = 5B30ECAE1C41EF1D0033152F /* Build configuration list for PBXNativeTarget "Glut" */;
			buildPhases = (
				5B30ECA31C41EF1C0033152F /* Sources */,
				5B30ECA41C41EF1C0033152F /* Frameworks */,
				5B30ECA51C41EF1C0033152F /* CopyFiles */,
			);
			buildRules = (
			);
			dependencies = (
			);
			name = Glut;
			productName = Glut;
			productReference = 5B30ECA71C41EF1C0033152F /* Glut */;
			productType = "com.apple.product-type.tool";
		};
/* End PBXNativeTarget section */

/* Begin PBXProject section */
		5B30EC9F1C41EF1C0033152F /* Project object */ = {
			isa = PBXProject;
			attributes = {
				LastUpgradeCheck = 0720;
				ORGANIZATIONNAME = xt;
				TargetAttributes = {
					5B30ECA61C41EF1C0033152F = {
						CreatedOnToolsVersion = 6.4;
					};
				};
			};
			buildConfigurationList = 5B30ECA21C41EF1C0033152F /* Build configuration list for PBXProject "Glut" */;
			compatibilityVersion = "Xcode 3.2";
			developmentRegion = English;
			hasScannedForEncodings = 0;
			knownRegions = (
				en,
			);
			mainGroup = 5B30EC9E1C41EF1C0033152F;
			productRefGroup = 5B30ECA81C41EF1C0033152F /* Products */;
			projectDirPath = "";
			projectRoot = "";
			targets = (
				5B30ECA61C41EF1C0033152F /* Glut */,
			);
		};
/* End PBXProject section */

/* Begin PBXSourcesBuildPhase section */
		5B30ECA31C41EF1C0033152F /* Sources */ = {
			isa = PBXSourcesBuildPhase;
			buildActionMask = 2147483647;
			files = (
				5B1558AE1D5EA05200B24F1E /* MathStuff.cpp in Sources */,
				5B1558AD1D5EA05200B24F1E /* Main.cpp in Sources */,
				5B1558AB1D5EA05200B24F1E /* DataTypes.cpp in Sources */,
				5B1558AC1D5EA05200B24F1E /* LispSM.cpp in Sources */,
				5B1558AF1D5EA05200B24F1E /* SceneData.cpp in Sources */,
			);
			runOnlyForDeploymentPostprocessing = 0;
		};
/* End PBXSourcesBuildPhase section */

/* Begin XCBuildConfiguration section */
		5B30ECAC1C41EF1D0033152F /* Debug */ = {
			isa = XCBuildConfiguration;
			buildSettings = {
				ALWAYS_SEARCH_USER_PATHS = NO;
				CLANG_CXX_LANGUAGE_STANDARD = "gnu++0x";
				CLANG_CXX_LIBRARY = "libc++";
				CLANG_ENABLE_MODULES = YES;
				CLANG_ENABLE_OBJC_ARC = YES;
				CLANG_WARN_BOOL_CONVERSION = YES;
				CLANG_WARN_CONSTANT_CONVERSION = YES;
				CLANG_WARN_DIRECT_OBJC_ISA_USAGE = YES_ERROR;
				CLANG_WARN_EMPTY_BODY = YES;
				CLANG_WARN_ENUM_CONVERSION = YES;
				CLANG_WARN_INT_CONVERSION = YES;
				CLANG_WARN_OBJC_ROOT_CLASS = YES_ERROR;
				CLANG_WARN_UNREACHABLE_CODE = YES;
				CLANG_WARN__DUPLICATE_METHOD_MATCH = YES;
				COPY_PHASE_STRIP = NO;
				DEBUG_INFORMATION_FORMAT = dwarf;
				ENABLE_STRICT_OBJC_MSGSEND = YES;
				ENABLE_TESTABILITY = YES;
				GCC_C_LANGUAGE_STANDARD = gnu99;
				GCC_DYNAMIC_NO_PIC = NO;
				GCC_NO_COMMON_BLOCKS = YES;
				GCC_OPTIMIZATION_LEVEL = 0;
				GCC_PREPROCESSOR_DEFINITIONS = (
					"DEBUG=1",
					"$(inherited)",
				);
				GCC_SYMBOLS_PRIVATE_EXTERN = NO;
				GCC_WARN_64_TO_32_BIT_CONVERSION = YES;
				GCC_WARN_ABOUT_RETURN_TYPE = YES_ERROR;
				GCC_WARN_UNDECLARED_SELECTOR = YES;
				GCC_WARN_UNINITIALIZED_AUTOS = YES_AGGRESSIVE;
				GCC_WARN_UNUSED_FUNCTION = YES;
				GCC_WARN_UNUSED_VARIABLE = YES;
				MACOSX_DEPLOYMENT_TARGET = 10.11;
				MTL_ENABLE_DEBUG_INFO = YES;
				ONLY_ACTIVE_ARCH = YES;
				SDKROOT = macosx;
			};
			name = Debug;
		};
		5B30ECAD1C41EF1D0033152F /* Release */ = {
			isa = XCBuildConfiguration;
			buildSettings = {
				ALWAYS_SEARCH_USER_PATHS = NO;
				CLANG_CXX_LANGUAGE_STANDARD = "gnu++0x";
				CLANG_CXX_LIBRARY = "libc++";
				CLANG_ENABLE_MODULES = YES;
				CLANG_ENABLE_OBJC_ARC = YES;
				CLANG_WARN_BOOL_CONVERSION = YES;
				CLANG_WARN_CONSTANT_CONVERSION = YES;
				CLANG_WARN_DIRECT_OBJC_ISA_USAGE = YES_ERROR;
				CLANG_WARN_EMPTY_BODY = YES;
				CLANG_WARN_ENUM_CONVERSION = YES;
				CLANG_WARN_INT_CONVERSION = YES;
				CLANG_WARN_OBJC_ROOT_CLASS = YES_ERROR;
				CLANG_WARN_UNREACHABLE_CODE = YES;
				CLANG_WARN__DUPLICATE_METHOD_MATCH = YES;
				COPY_PHASE_STRIP = NO;
				DEBUG_INFORMATION_FORMAT = "dwarf-with-dsym";
				ENABLE_NS_ASSERTIONS = NO;
				ENABLE_STRICT_OBJC_MSGSEND = YES;
				GCC_C_LANGUAGE_STANDARD = gnu99;
				GCC_NO_COMMON_BLOCKS = YES;
				GCC_WARN_64_TO_32_BIT_CONVERSION = YES;
				GCC_WARN_ABOUT_RETURN_TYPE = YES_ERROR;
				GCC_WARN_UNDECLARED_SELECTOR = YES;
				GCC_WARN_UNINITIALIZED_AUTOS = YES_AGGRESSIVE;
				GCC_WARN_UNUSED_FUNCTION = YES;
				GCC_WARN_UNUSED_VARIABLE = YES;
				MACOSX_DEPLOYMENT_TARGET = 10.11;
				MTL_ENABLE_DEBUG_INFO = NO;
				SDKROOT = macosx;
			};
			name = Release;
		};
		5B30ECAF1C41EF1D0033152F /* Debug */ = {
			isa = XCBuildConfiguration;
			buildSettings = {
				HEADER_SEARCH_PATHS = (
					/usr/local/include/,
					/Users/glp/Documents/codeEx/Nvidia/libs/inc,
				);
				LIBRARY_SEARCH_PATHS = (
					/usr/local/lib,
					/Users/glp/Documents/codeEx/Nvidia/libs/lib/,
					/usr/local/Cellar/glew/1.12.0/lib,
					/usr/local/Cellar/libpng/1.6.17/lib,
				);
				PRODUCT_NAME = "$(TARGET_NAME)";
			};
			name = Debug;
		};
		5B30ECB01C41EF1D0033152F /* Release */ = {
			isa = XCBuildConfiguration;
			buildSettings = {
				HEADER_SEARCH_PATHS = (
					/usr/local/include/,
					/Users/glp/Documents/codeEx/Nvidia/libs/inc,
				);
				LIBRARY_SEARCH_PATHS = (
					/usr/local/lib,
					/Users/glp/Documents/codeEx/Nvidia/libs/lib/,
					/usr/local/Cellar/glew/1.12.0/lib,
					/usr/local/Cellar/libpng/1.6.17/lib,
				);
				PRODUCT_NAME = "$(TARGET_NAME)";
			};
			name = Release;
		};
/* End XCBuildConfiguration section */

/* Begin XCConfigurationList section */
		5B30ECA21C41EF1C0033152F /* Build configuration list for PBXProject "Glut" */ = {
			isa = XCConfigurationList;
			buildConfigurations = (
				5B30ECAC1C41EF1D0033152F /* Debug */,
				5B30ECAD1C41EF1D0033152F /* Release */,
			);
			defaultConfigurationIsVisible = 0;
			defaultConfigurationName = Release;
		};
		5B30ECAE1C41EF1D0033152F /* Build configuration list for PBXNativeTarget "Glut" */ = {
			isa = XCConfigurationList;
			buildConfigurations = (
				5B30ECAF1C41EF1D0033152F /* Debug */,
				5B30ECB01C41EF1D0033152F /* Release */,
			);
			defaultConfigurationIsVisible = 0;
			defaultConfigurationName = Release;
		};
/* End XCConfigurationList section */
	};
	rootObject = 5B30EC9F1C41EF1C0033152F /* Project object */;
}
